
Microsoft Visual Studio Solution File, Format Version 12.00
# Visual Studio 15
VisualStudioVersion = 15.0.27428.2002
MinimumVisualStudioVersion = 10.0.40219.1
Project("{FAE04EC0-301F-11D3-BF4B-00C04F79EFBC}") = "07_01_PolynomMatrix", "07_01_PolynomMatrix\07_01_PolynomMatrix.csproj", "{B38801FB-B593-4744-9A84-4224F71898E3}"
EndProject
Global
	GlobalSection(SolutionConfigurationPlatforms) = preSolution
		Debug|Any CPU = Debug|Any CPU
		Release|Any CPU = Release|Any CPU
	EndGlobalSection
	GlobalSection(ProjectConfigurationPlatforms) = postSolution
		{B38801FB-B593-4744-9A84-4224F71898E3}.Debug|Any CPU.ActiveCfg = Debug|Any CPU
		{B38801FB-B593-4744-9A84-4224F71898E3}.Debug|Any CPU.Build.0 = Debug|Any CPU
		{B38801FB-B593-4744-9A84-4224F71898E3}.Release|Any CPU.ActiveCfg = Release|Any CPU
		{B38801FB-B593-4744-9A84-4224F71898E3}.Release|Any CPU.Build.0 = Release|Any CPU
	EndGlobalSection
	GlobalSection(SolutionProperties) = preSolution
		HideSolutionNode = FALSE
	EndGlobalSection
	GlobalSection(ExtensibilityGlobals) = postSolution
		SolutionGuid = {56B1D649-95ED-4EAC-91FA-C44BC20B2946}
	EndGlobalSection
EndGlobal
