
Microsoft Visual Studio Solution File, Format Version 12.00
# Visual Studio 15
VisualStudioVersion = 15.0.27130.2027
MinimumVisualStudioVersion = 10.0.40219.1
Project("{FAE04EC0-301F-11D3-BF4B-00C04F79EFBC}") = "06_01_dihotomia", "06_01_dihotomia\06_01_dihotomia.csproj", "{069B45E4-97D0-45EA-B74D-AA9FB7A6B631}"
EndProject
Global
	GlobalSection(SolutionConfigurationPlatforms) = preSolution
		Debug|Any CPU = Debug|Any CPU
		Release|Any CPU = Release|Any CPU
	EndGlobalSection
	GlobalSection(ProjectConfigurationPlatforms) = postSolution
		{069B45E4-97D0-45EA-B74D-AA9FB7A6B631}.Debug|Any CPU.ActiveCfg = Debug|Any CPU
		{069B45E4-97D0-45EA-B74D-AA9FB7A6B631}.Debug|Any CPU.Build.0 = Debug|Any CPU
		{069B45E4-97D0-45EA-B74D-AA9FB7A6B631}.Release|Any CPU.ActiveCfg = Release|Any CPU
		{069B45E4-97D0-45EA-B74D-AA9FB7A6B631}.Release|Any CPU.Build.0 = Release|Any CPU
	EndGlobalSection
	GlobalSection(SolutionProperties) = preSolution
		HideSolutionNode = FALSE
	EndGlobalSection
	GlobalSection(ExtensibilityGlobals) = postSolution
		SolutionGuid = {067BF02D-D95C-4867-8E42-314A34FEB847}
	EndGlobalSection
EndGlobal
