
Microsoft Visual Studio Solution File, Format Version 12.00
# Visual Studio 15
VisualStudioVersion = 15.0.27130.2027
MinimumVisualStudioVersion = 10.0.40219.1
Project("{FAE04EC0-301F-11D3-BF4B-00C04F79EFBC}") = "03_01_numberProcessing", "03_01_numberProcessing\03_01_numberProcessing.csproj", "{5F60B961-F692-4ED2-8197-130056BAE520}"
EndProject
Project("{FAE04EC0-301F-11D3-BF4B-00C04F79EFBC}") = "03_01_baseTranslate", "03_01_baseTranslate\03_01_baseTranslate.csproj", "{349E8A03-6E19-430F-9366-B1F8BE11AB29}"
EndProject
Project("{FAE04EC0-301F-11D3-BF4B-00C04F79EFBC}") = "03_01_charProcessing", "03_01_charProcessing\03_01_charProcessing.csproj", "{0D678B00-0A89-4257-913D-523261959A18}"
EndProject
Global
	GlobalSection(SolutionConfigurationPlatforms) = preSolution
		Debug|Any CPU = Debug|Any CPU
		Release|Any CPU = Release|Any CPU
	EndGlobalSection
	GlobalSection(ProjectConfigurationPlatforms) = postSolution
		{5F60B961-F692-4ED2-8197-130056BAE520}.Debug|Any CPU.ActiveCfg = Debug|Any CPU
		{5F60B961-F692-4ED2-8197-130056BAE520}.Debug|Any CPU.Build.0 = Debug|Any CPU
		{5F60B961-F692-4ED2-8197-130056BAE520}.Release|Any CPU.ActiveCfg = Release|Any CPU
		{5F60B961-F692-4ED2-8197-130056BAE520}.Release|Any CPU.Build.0 = Release|Any CPU
		{349E8A03-6E19-430F-9366-B1F8BE11AB29}.Debug|Any CPU.ActiveCfg = Debug|Any CPU
		{349E8A03-6E19-430F-9366-B1F8BE11AB29}.Debug|Any CPU.Build.0 = Debug|Any CPU
		{349E8A03-6E19-430F-9366-B1F8BE11AB29}.Release|Any CPU.ActiveCfg = Release|Any CPU
		{349E8A03-6E19-430F-9366-B1F8BE11AB29}.Release|Any CPU.Build.0 = Release|Any CPU
		{0D678B00-0A89-4257-913D-523261959A18}.Debug|Any CPU.ActiveCfg = Debug|Any CPU
		{0D678B00-0A89-4257-913D-523261959A18}.Debug|Any CPU.Build.0 = Debug|Any CPU
		{0D678B00-0A89-4257-913D-523261959A18}.Release|Any CPU.ActiveCfg = Release|Any CPU
		{0D678B00-0A89-4257-913D-523261959A18}.Release|Any CPU.Build.0 = Release|Any CPU
	EndGlobalSection
	GlobalSection(SolutionProperties) = preSolution
		HideSolutionNode = FALSE
	EndGlobalSection
	GlobalSection(ExtensibilityGlobals) = postSolution
		SolutionGuid = {F2043628-29F8-4BC9-A9D8-8D8E3A738D14}
	EndGlobalSection
EndGlobal
